
Microsoft Visual Studio Solution File, Format Version 12.00
# Visual Studio 15
VisualStudioVersion = 15.0.28010.2041
MinimumVisualStudioVersion = 10.0.40219.1
Project("{FAE04EC0-301F-11D3-BF4B-00C04F79EFBC}") = "GestionProjet", "GestionProjet\GestionProjet.csproj", "{68AB0C8A-E4A6-4848-BEE0-3C059D90B7B6}"
EndProject
Global
	GlobalSection(SolutionConfigurationPlatforms) = preSolution
		Debug|Any CPU = Debug|Any CPU
		Release|Any CPU = Release|Any CPU
	EndGlobalSection
	GlobalSection(ProjectConfigurationPlatforms) = postSolution
		{68AB0C8A-E4A6-4848-BEE0-3C059D90B7B6}.Debug|Any CPU.ActiveCfg = Debug|Any CPU
		{68AB0C8A-E4A6-4848-BEE0-3C059D90B7B6}.Debug|Any CPU.Build.0 = Debug|Any CPU
		{68AB0C8A-E4A6-4848-BEE0-3C059D90B7B6}.Release|Any CPU.ActiveCfg = Release|Any CPU
		{68AB0C8A-E4A6-4848-BEE0-3C059D90B7B6}.Release|Any CPU.Build.0 = Release|Any CPU
	EndGlobalSection
	GlobalSection(SolutionProperties) = preSolution
		HideSolutionNode = FALSE
	EndGlobalSection
	GlobalSection(ExtensibilityGlobals) = postSolution
		SolutionGuid = {0427F74B-5389-41B1-8D3A-F3D681D85338}
	EndGlobalSection
EndGlobal
